
Microsoft Visual Studio Solution File, Format Version 12.00
# Visual Studio Version 17
VisualStudioVersion = 17.13.35806.99 d17.13
MinimumVisualStudioVersion = 10.0.40219.1
Project("{FAE04EC0-301F-11D3-BF4B-00C04F79EFBC}") = "inTouch_demo", "inTouch_demo.csproj", "{B301BF24-F9CA-4D21-BB92-167C4643F0FE}"
EndProject
Global
	GlobalSection(SolutionConfigurationPlatforms) = preSolution
		Debug|Any CPU = Debug|Any CPU
		Release|Any CPU = Release|Any CPU
	EndGlobalSection
	GlobalSection(ProjectConfigurationPlatforms) = postSolution
		{B301BF24-F9CA-4D21-BB92-167C4643F0FE}.Debug|Any CPU.ActiveCfg = Debug|Any CPU
		{B301BF24-F9CA-4D21-BB92-167C4643F0FE}.Debug|Any CPU.Build.0 = Debug|Any CPU
		{B301BF24-F9CA-4D21-BB92-167C4643F0FE}.Release|Any CPU.ActiveCfg = Release|Any CPU
		{B301BF24-F9CA-4D21-BB92-167C4643F0FE}.Release|Any CPU.Build.0 = Release|Any CPU
	EndGlobalSection
	GlobalSection(SolutionProperties) = preSolution
		HideSolutionNode = FALSE
	EndGlobalSection
	GlobalSection(ExtensibilityGlobals) = postSolution
		SolutionGuid = {036E74AE-EA82-4E96-B6CF-F9654F2595AF}
	EndGlobalSection
EndGlobal
